// !$*UTF8*$!
{
	archiveVersion = 1;
	classes = {
	};
	objectVersion = 46;
	objects = {

/* Begin PBXBuildFile section */
		72A9C03ACB73A2DC072D1D70 /* Pods_RKObjectMapperTest.framework in Frameworks */ = {isa = PBXBuildFile; fileRef = 1C2330D5B898690754633345 /* Pods_RKObjectMapperTest.framework */; };
		CEA810611CC621050027E177 /* AppDelegate.swift in Sources */ = {isa = PBXBuildFile; fileRef = CEA810601CC621050027E177 /* AppDelegate.swift */; };
		CEA810631CC621050027E177 /* ViewController.swift in Sources */ = {isa = PBXBuildFile; fileRef = CEA810621CC621050027E177 /* ViewController.swift */; };
		CEA810661CC621050027E177 /* Main.storyboard in Resources */ = {isa = PBXBuildFile; fileRef = CEA810641CC621050027E177 /* Main.storyboard */; };
		CEA810681CC621050027E177 /* Assets.xcassets in Resources */ = {isa = PBXBuildFile; fileRef = CEA810671CC621050027E177 /* Assets.xcassets */; };
		CEA8106B1CC621050027E177 /* LaunchScreen.storyboard in Resources */ = {isa = PBXBuildFile; fileRef = CEA810691CC621050027E177 /* LaunchScreen.storyboard */; };
		CEA810731CC624E00027E177 /* UserRecord.swift in Sources */ = {isa = PBXBuildFile; fileRef = CEA810721CC624E00027E177 /* UserRecord.swift */; };
/* End PBXBuildFile section */

/* Begin PBXFileReference section */
		1C2330D5B898690754633345 /* Pods_RKObjectMapperTest.framework */ = {isa = PBXFileReference; explicitFileType = wrapper.framework; includeInIndex = 0; path = Pods_RKObjectMapperTest.framework; sourceTree = BUILT_PRODUCTS_DIR; };
		B4788E72E5AAD4F6CBF65D88 /* Pods-RKObjectMapperTest.debug.xcconfig */ = {isa = PBXFileReference; includeInIndex = 1; lastKnownFileType = text.xcconfig; name = "Pods-RKObjectMapperTest.debug.xcconfig"; path = "Pods/Target Support Files/Pods-RKObjectMapperTest/Pods-RKObjectMapperTest.debug.xcconfig"; sourceTree = "<group>"; };
		CE2FE44AC53AAD1E76D38302 /* Pods-RKObjectMapperTest.release.xcconfig */ = {isa = PBXFileReference; includeInIndex = 1; lastKnownFileType = text.xcconfig; name = "Pods-RKObjectMapperTest.release.xcconfig"; path = "Pods/Target Support Files/Pods-RKObjectMapperTest/Pods-RKObjectMapperTest.release.xcconfig"; sourceTree = "<group>"; };
		CEA8105D1CC621050027E177 /* RKObjectMapperTest.app */ = {isa = PBXFileReference; explicitFileType = wrapper.application; includeInIndex = 0; path = RKObjectMapperTest.app; sourceTree = BUILT_PRODUCTS_DIR; };
		CEA810601CC621050027E177 /* AppDelegate.swift */ = {isa = PBXFileReference; lastKnownFileType = sourcecode.swift; path = AppDelegate.swift; sourceTree = "<group>"; };
		CEA810621CC621050027E177 /* ViewController.swift */ = {isa = PBXFileReference; lastKnownFileType = sourcecode.swift; path = ViewController.swift; sourceTree = "<group>"; };
		CEA810651CC621050027E177 /* Base */ = {isa = PBXFileReference; lastKnownFileType = file.storyboard; name = Base; path = Base.lproj/Main.storyboard; sourceTree = "<group>"; };
		CEA810671CC621050027E177 /* Assets.xcassets */ = {isa = PBXFileReference; lastKnownFileType = folder.assetcatalog; path = Assets.xcassets; sourceTree = "<group>"; };
		CEA8106A1CC621050027E177 /* Base */ = {isa = PBXFileReference; lastKnownFileType = file.storyboard; name = Base; path = Base.lproj/LaunchScreen.storyboard; sourceTree = "<group>"; };
		CEA8106C1CC621050027E177 /* Info.plist */ = {isa = PBXFileReference; lastKnownFileType = text.plist.xml; path = Info.plist; sourceTree = "<group>"; };
		CEA810721CC624E00027E177 /* UserRecord.swift */ = {isa = PBXFileReference; fileEncoding = 4; lastKnownFileType = sourcecode.swift; path = UserRecord.swift; sourceTree = "<group>"; };
/* End PBXFileReference section */

/* Begin PBXFrameworksBuildPhase section */
		CEA8105A1CC621050027E177 /* Frameworks */ = {
			isa = PBXFrameworksBuildPhase;
			buildActionMask = 2147483647;
			files = (
				72A9C03ACB73A2DC072D1D70 /* Pods_RKObjectMapperTest.framework in Frameworks */,
			);
			runOnlyForDeploymentPostprocessing = 0;
		};
/* End PBXFrameworksBuildPhase section */

/* Begin PBXGroup section */
		694D0D8351806BA35CBB492B /* Pods */ = {
			isa = PBXGroup;
			children = (
				B4788E72E5AAD4F6CBF65D88 /* Pods-RKObjectMapperTest.debug.xcconfig */,
				CE2FE44AC53AAD1E76D38302 /* Pods-RKObjectMapperTest.release.xcconfig */,
			);
			name = Pods;
			sourceTree = "<group>";
		};
		98829755F2AF39D49DB0BCCF /* Frameworks */ = {
			isa = PBXGroup;
			children = (
				1C2330D5B898690754633345 /* Pods_RKObjectMapperTest.framework */,
			);
			name = Frameworks;
			sourceTree = "<group>";
		};
		CEA810541CC621050027E177 = {
			isa = PBXGroup;
			children = (
				CEA8105F1CC621050027E177 /* RKObjectMapperTest */,
				CEA8105E1CC621050027E177 /* Products */,
				694D0D8351806BA35CBB492B /* Pods */,
				98829755F2AF39D49DB0BCCF /* Frameworks */,
			);
			sourceTree = "<group>";
		};
		CEA8105E1CC621050027E177 /* Products */ = {
			isa = PBXGroup;
			children = (
				CEA8105D1CC621050027E177 /* RKObjectMapperTest.app */,
			);
			name = Products;
			sourceTree = "<group>";
		};
		CEA8105F1CC621050027E177 /* RKObjectMapperTest */ = {
			isa = PBXGroup;
			children = (
				CEA810601CC621050027E177 /* AppDelegate.swift */,
				CEA810621CC621050027E177 /* ViewController.swift */,
				CEA810641CC621050027E177 /* Main.storyboard */,
				CEA810671CC621050027E177 /* Assets.xcassets */,
				CEA810691CC621050027E177 /* LaunchScreen.storyboard */,
				CEA8106C1CC621050027E177 /* Info.plist */,
				CEA810721CC624E00027E177 /* UserRecord.swift */,
			);
			path = RKObjectMapperTest;
			sourceTree = "<group>";
		};
/* End PBXGroup section */

/* Begin PBXNativeTarget section */
		CEA8105C1CC621050027E177 /* RKObjectMapperTest */ = {
			isa = PBXNativeTarget;
			buildConfigurationList = CEA8106F1CC621050027E177 /* Build configuration list for PBXNativeTarget "RKObjectMapperTest" */;
			buildPhases = (
				7C73DD913ABB98BF5DDFDD50 /* Check Pods Manifest.lock */,
				CEA810591CC621050027E177 /* Sources */,
				CEA8105A1CC621050027E177 /* Frameworks */,
				CEA8105B1CC621050027E177 /* Resources */,
				DBB0272068F48089FC1352EA /* Embed Pods Frameworks */,
				30D99568F80426CB3E96E2CD /* Copy Pods Resources */,
			);
			buildRules = (
			);
			dependencies = (
			);
			name = RKObjectMapperTest;
			productName = RKObjectMapperTest;
			productReference = CEA8105D1CC621050027E177 /* RKObjectMapperTest.app */;
			productType = "com.apple.product-type.application";
		};
/* End PBXNativeTarget section */

/* Begin PBXProject section */
		CEA810551CC621050027E177 /* Project object */ = {
			isa = PBXProject;
			attributes = {
				LastSwiftUpdateCheck = 0730;
				LastUpgradeCheck = 0730;
				ORGANIZATIONNAME = User;
				TargetAttributes = {
					CEA8105C1CC621050027E177 = {
						CreatedOnToolsVersion = 7.3;
						DevelopmentTeam = G7RL549555;
					};
				};
			};
			buildConfigurationList = CEA810581CC621050027E177 /* Build configuration list for PBXProject "RKObjectMapperTest" */;
			compatibilityVersion = "Xcode 3.2";
			developmentRegion = English;
			hasScannedForEncodings = 0;
			knownRegions = (
				en,
				Base,
			);
			mainGroup = CEA810541CC621050027E177;
			productRefGroup = CEA8105E1CC621050027E177 /* Products */;
			projectDirPath = "";
			projectRoot = "";
			targets = (
				CEA8105C1CC621050027E177 /* RKObjectMapperTest */,
			);
		};
/* End PBXProject section */

/* Begin PBXResourcesBuildPhase section */
		CEA8105B1CC621050027E177 /* Resources */ = {
			isa = PBXResourcesBuildPhase;
			buildActionMask = 2147483647;
			files = (
				CEA8106B1CC621050027E177 /* LaunchScreen.storyboard in Resources */,
				CEA810681CC621050027E177 /* Assets.xcassets in Resources */,
				CEA810661CC621050027E177 /* Main.storyboard in Resources */,
			);
			runOnlyForDeploymentPostprocessing = 0;
		};
/* End PBXResourcesBuildPhase section */

/* Begin PBXShellScriptBuildPhase section */
		30D99568F80426CB3E96E2CD /* Copy Pods Resources */ = {
			isa = PBXShellScriptBuildPhase;
			buildActionMask = 2147483647;
			files = (
			);
			inputPaths = (
			);
			name = "Copy Pods Resources";
			outputPaths = (
			);
			runOnlyForDeploymentPostprocessing = 0;
			shellPath = /bin/sh;
			shellScript = "\"${SRCROOT}/Pods/Target Support Files/Pods-RKObjectMapperTest/Pods-RKObjectMapperTest-resources.sh\"\n";
			showEnvVarsInLog = 0;
		};
		7C73DD913ABB98BF5DDFDD50 /* Check Pods Manifest.lock */ = {
			isa = PBXShellScriptBuildPhase;
			buildActionMask = 2147483647;
			files = (
			);
			inputPaths = (
			);
			name = "Check Pods Manifest.lock";
			outputPaths = (
			);
			runOnlyForDeploymentPostprocessing = 0;
			shellPath = /bin/sh;
			shellScript = "diff \"${PODS_ROOT}/../Podfile.lock\" \"${PODS_ROOT}/Manifest.lock\" > /dev/null\nif [[ $? != 0 ]] ; then\n    cat << EOM\nerror: The sandbox is not in sync with the Podfile.lock. Run 'pod install' or update your CocoaPods installation.\nEOM\n    exit 1\nfi\n";
			showEnvVarsInLog = 0;
		};
		DBB0272068F48089FC1352EA /* Embed Pods Frameworks */ = {
			isa = PBXShellScriptBuildPhase;
			buildActionMask = 2147483647;
			files = (
			);
			inputPaths = (
			);
			name = "Embed Pods Frameworks";
			outputPaths = (
			);
			runOnlyForDeploymentPostprocessing = 0;
			shellPath = /bin/sh;
			shellScript = "\"${SRCROOT}/Pods/Target Support Files/Pods-RKObjectMapperTest/Pods-RKObjectMapperTest-frameworks.sh\"\n";
			showEnvVarsInLog = 0;
		};
/* End PBXShellScriptBuildPhase section */

/* Begin PBXSourcesBuildPhase section */
		CEA810591CC621050027E177 /* Sources */ = {
			isa = PBXSourcesBuildPhase;
			buildActionMask = 2147483647;
			files = (
				CEA810631CC621050027E177 /* ViewController.swift in Sources */,
				CEA810731CC624E00027E177 /* UserRecord.swift in Sources */,
				CEA810611CC621050027E177 /* AppDelegate.swift in Sources */,
			);
			runOnlyForDeploymentPostprocessing = 0;
		};
/* End PBXSourcesBuildPhase section */

/* Begin PBXVariantGroup section */
		CEA810641CC621050027E177 /* Main.storyboard */ = {
			isa = PBXVariantGroup;
			children = (
				CEA810651CC621050027E177 /* Base */,
			);
			name = Main.storyboard;
			sourceTree = "<group>";
		};
		CEA810691CC621050027E177 /* LaunchScreen.storyboard */ = {
			isa = PBXVariantGroup;
			children = (
				CEA8106A1CC621050027E177 /* Base */,
			);
			name = LaunchScreen.storyboard;
			sourceTree = "<group>";
		};
/* End PBXVariantGroup section */

/* Begin XCBuildConfiguration section */
		CEA8106D1CC621050027E177 /* Debug */ = {
			isa = XCBuildConfiguration;
			buildSettings = {
				ALWAYS_SEARCH_USER_PATHS = NO;
				CLANG_ANALYZER_NONNULL = YES;
				CLANG_CXX_LANGUAGE_STANDARD = "gnu++0x";
				CLANG_CXX_LIBRARY = "libc++";
				CLANG_ENABLE_MODULES = YES;
				CLANG_ENABLE_OBJC_ARC = YES;
				CLANG_WARN_BOOL_CONVERSION = YES;
				CLANG_WARN_CONSTANT_CONVERSION = YES;
				CLANG_WARN_DIRECT_OBJC_ISA_USAGE = YES_ERROR;
				CLANG_WARN_EMPTY_BODY = YES;
				CLANG_WARN_ENUM_CONVERSION = YES;
				CLANG_WARN_INT_CONVERSION = YES;
				CLANG_WARN_OBJC_ROOT_CLASS = YES_ERROR;
				CLANG_WARN_UNREACHABLE_CODE = YES;
				CLANG_WARN__DUPLICATE_METHOD_MATCH = YES;
				"CODE_SIGN_IDENTITY[sdk=iphoneos*]" = "iPhone Developer";
				COPY_PHASE_STRIP = NO;
				DEBUG_INFORMATION_FORMAT = dwarf;
				ENABLE_STRICT_OBJC_MSGSEND = YES;
				ENABLE_TESTABILITY = YES;
				GCC_C_LANGUAGE_STANDARD = gnu99;
				GCC_DYNAMIC_NO_PIC = NO;
				GCC_NO_COMMON_BLOCKS = YES;
				GCC_OPTIMIZATION_LEVEL = 0;
				GCC_PREPROCESSOR_DEFINITIONS = (
					"DEBUG=1",
					"$(inherited)",
				);
				GCC_WARN_64_TO_32_BIT_CONVERSION = YES;
				GCC_WARN_ABOUT_RETURN_TYPE = YES_ERROR;
				GCC_WARN_UNDECLARED_SELECTOR = YES;
				GCC_WARN_UNINITIALIZED_AUTOS = YES_AGGRESSIVE;
				GCC_WARN_UNUSED_FUNCTION = YES;
				GCC_WARN_UNUSED_VARIABLE = YES;
				IPHONEOS_DEPLOYMENT_TARGET = 9.3;
				MTL_ENABLE_DEBUG_INFO = YES;
				ONLY_ACTIVE_ARCH = YES;
				SDKROOT = iphoneos;
				SWIFT_OPTIMIZATION_LEVEL = "-Onone";
				TARGETED_DEVICE_FAMILY = "1,2";
			};
			name = Debug;
		};
		CEA8106E1CC621050027E177 /* Release */ = {
			isa = XCBuildConfiguration;
			buildSettings = {
				ALWAYS_SEARCH_USER_PATHS = NO;
				CLANG_ANALYZER_NONNULL = YES;
				CLANG_CXX_LANGUAGE_STANDARD = "gnu++0x";
				CLANG_CXX_LIBRARY = "libc++";
				CLANG_ENABLE_MODULES = YES;
				CLANG_ENABLE_OBJC_ARC = YES;
				CLANG_WARN_BOOL_CONVERSION = YES;
				CLANG_WARN_CONSTANT_CONVERSION = YES;
				CLANG_WARN_DIRECT_OBJC_ISA_USAGE = YES_ERROR;
				CLANG_WARN_EMPTY_BODY = YES;
				CLANG_WARN_ENUM_CONVERSION = YES;
				CLANG_WARN_INT_CONVERSION = YES;
				CLANG_WARN_OBJC_ROOT_CLASS = YES_ERROR;
				CLANG_WARN_UNREACHABLE_CODE = YES;
				CLANG_WARN__DUPLICATE_METHOD_MATCH = YES;
				"CODE_SIGN_IDENTITY[sdk=iphoneos*]" = "iPhone Developer";
				COPY_PHASE_STRIP = NO;
				DEBUG_INFORMATION_FORMAT = "dwarf-with-dsym";
				ENABLE_NS_ASSERTIONS = NO;
				ENABLE_STRICT_OBJC_MSGSEND = YES;
				GCC_C_LANGUAGE_STANDARD = gnu99;
				GCC_NO_COMMON_BLOCKS = YES;
				GCC_WARN_64_TO_32_BIT_CONVERSION = YES;
				GCC_WARN_ABOUT_RETURN_TYPE = YES_ERROR;
				GCC_WARN_UNDECLARED_SELECTOR = YES;
				GCC_WARN_UNINITIALIZED_AUTOS = YES_AGGRESSIVE;
				GCC_WARN_UNUSED_FUNCTION = YES;
				GCC_WARN_UNUSED_VARIABLE = YES;
				IPHONEOS_DEPLOYMENT_TARGET = 9.3;
				MTL_ENABLE_DEBUG_INFO = NO;
				SDKROOT = iphoneos;
				TARGETED_DEVICE_FAMILY = "1,2";
				VALIDATE_PRODUCT = YES;
			};
			name = Release;
		};
		CEA810701CC621050027E177 /* Debug */ = {
			isa = XCBuildConfiguration;
			baseConfigurationReference = B4788E72E5AAD4F6CBF65D88 /* Pods-RKObjectMapperTest.debug.xcconfig */;
			buildSettings = {
				ASSETCATALOG_COMPILER_APPICON_NAME = AppIcon;
				INFOPLIST_FILE = RKObjectMapperTest/Info.plist;
				LD_RUNPATH_SEARCH_PATHS = "$(inherited) @executable_path/Frameworks";
				PRODUCT_BUNDLE_IDENTIFIER = com.rajendra.RKObjectMapperTest;
				PRODUCT_NAME = "$(TARGET_NAME)";
			};
			name = Debug;
		};
		CEA810711CC621050027E177 /* Release */ = {
			isa = XCBuildConfiguration;
			baseConfigurationReference = CE2FE44AC53AAD1E76D38302 /* Pods-RKObjectMapperTest.release.xcconfig */;
			buildSettings = {
				ASSETCATALOG_COMPILER_APPICON_NAME = AppIcon;
				INFOPLIST_FILE = RKObjectMapperTest/Info.plist;
				LD_RUNPATH_SEARCH_PATHS = "$(inherited) @executable_path/Frameworks";
				PRODUCT_BUNDLE_IDENTIFIER = com.rajendra.RKObjectMapperTest;
				PRODUCT_NAME = "$(TARGET_NAME)";
			};
			name = Release;
		};
/* End XCBuildConfiguration section */

/* Begin XCConfigurationList section */
		CEA810581CC621050027E177 /* Build configuration list for PBXProject "RKObjectMapperTest" */ = {
			isa = XCConfigurationList;
			buildConfigurations = (
				CEA8106D1CC621050027E177 /* Debug */,
				CEA8106E1CC621050027E177 /* Release */,
			);
			defaultConfigurationIsVisible = 0;
			defaultConfigurationName = Release;
		};
		CEA8106F1CC621050027E177 /* Build configuration list for PBXNativeTarget "RKObjectMapperTest" */ = {
			isa = XCConfigurationList;
			buildConfigurations = (
				CEA810701CC621050027E177 /* Debug */,
				CEA810711CC621050027E177 /* Release */,
			);
			defaultConfigurationIsVisible = 0;
			defaultConfigurationName = Release;
		};
/* End XCConfigurationList section */
	};
	rootObject = CEA810551CC621050027E177 /* Project object */;
}
