// !$*UTF8*$!
{
	archiveVersion = 1;
	classes = {
	};
	objectVersion = 46;
	objects = {

/* Begin PBXBuildFile section */
		CEA810611CC621050027E177 /* AppDelegate.swift in Sources */ = {isa = PBXBuildFile; fileRef = CEA810601CC621050027E177 /* AppDelegate.swift */; };
		CEA810631CC621050027E177 /* ViewController.swift in Sources */ = {isa = PBXBuildFile; fileRef = CEA810621CC621050027E177 /* ViewController.swift */; };
		CEA810661CC621050027E177 /* Main.storyboard in Resources */ = {isa = PBXBuildFile; fileRef = CEA810641CC621050027E177 /* Main.storyboard */; };
		CEA810681CC621050027E177 /* Assets.xcassets in Resources */ = {isa = PBXBuildFile; fileRef = CEA810671CC621050027E177 /* Assets.xcassets */; };
		CEA8106B1CC621050027E177 /* LaunchScreen.storyboard in Resources */ = {isa = PBXBuildFile; fileRef = CEA810691CC621050027E177 /* LaunchScreen.storyboard */; };
/* End PBXBuildFile section */

/* Begin PBXFileReference section */
		CEA8105D1CC621050027E177 /* RKObjectMapperTest.app */ = {isa = PBXFileReference; explicitFileType = wrapper.application; includeInIndex = 0; path = RKObjectMapperTest.app; sourceTree = BUILT_PRODUCTS_DIR; };
		CEA810601CC621050027E177 /* AppDelegate.swift */ = {isa = PBXFileReference; lastKnownFileType = sourcecode.swift; path = AppDelegate.swift; sourceTree = "<group>"; };
		CEA810621CC621050027E177 /* ViewController.swift */ = {isa = PBXFileReference; lastKnownFileType = sourcecode.swift; path = ViewController.swift; sourceTree = "<group>"; };
		CEA810651CC621050027E177 /* Base */ = {isa = PBXFileReference; lastKnownFileType = file.storyboard; name = Base; path = Base.lproj/Main.storyboard; sourceTree = "<group>"; };
		CEA810671CC621050027E177 /* Assets.xcassets */ = {isa = PBXFileReference; lastKnownFileType = folder.assetcatalog; path = Assets.xcassets; sourceTree = "<group>"; };
		CEA8106A1CC621050027E177 /* Base */ = {isa = PBXFileReference; lastKnownFileType = file.storyboard; name = Base; path = Base.lproj/LaunchScreen.storyboard; sourceTree = "<group>"; };
		CEA8106C1CC621050027E177 /* Info.plist */ = {isa = PBXFileReference; lastKnownFileType = text.plist.xml; path = Info.plist; sourceTree = "<group>"; };
/* End PBXFileReference section */

/* Begin PBXFrameworksBuildPhase section */
		CEA8105A1CC621050027E177 /* Frameworks */ = {
			isa = PBXFrameworksBuildPhase;
			buildActionMask = 2147483647;
			files = (
			);
			runOnlyForDeploymentPostprocessing = 0;
		};
/* End PBXFrameworksBuildPhase section */

/* Begin PBXGroup section */
		CEA810541CC621050027E177 = {
			isa = PBXGroup;
			children = (
				CEA8105F1CC621050027E177 /* RKObjectMapperTest */,
				CEA8105E1CC621050027E177 /* Products */,
			);
			sourceTree = "<group>";
		};
		CEA8105E1CC621050027E177 /* Products */ = {
			isa = PBXGroup;
			children = (
				CEA8105D1CC621050027E177 /* RKObjectMapperTest.app */,
			);
			name = Products;
			sourceTree = "<group>";
		};
		CEA8105F1CC621050027E177 /* RKObjectMapperTest */ = {
			isa = PBXGroup;
			children = (
				CEA810601CC621050027E177 /* AppDelegate.swift */,
				CEA810621CC621050027E177 /* ViewController.swift */,
				CEA810641CC621050027E177 /* Main.storyboard */,
				CEA810671CC621050027E177 /* Assets.xcassets */,
				CEA810691CC621050027E177 /* LaunchScreen.storyboard */,
				CEA8106C1CC621050027E177 /* Info.plist */,
			);
			path = RKObjectMapperTest;
			sourceTree = "<group>";
		};
/* End PBXGroup section */

/* Begin PBXNativeTarget section */
		CEA8105C1CC621050027E177 /* RKObjectMapperTest */ = {
			isa = PBXNativeTarget;
			buildConfigurationList = CEA8106F1CC621050027E177 /* Build configuration list for PBXNativeTarget "RKObjectMapperTest" */;
			buildPhases = (
				CEA810591CC621050027E177 /* Sources */,
				CEA8105A1CC621050027E177 /* Frameworks */,
				CEA8105B1CC621050027E177 /* Resources */,
			);
			buildRules = (
			);
			dependencies = (
			);
			name = RKObjectMapperTest;
			productName = RKObjectMapperTest;
			productReference = CEA8105D1CC621050027E177 /* RKObjectMapperTest.app */;
			productType = "com.apple.product-type.application";
		};
/* End PBXNativeTarget section */

/* Begin PBXProject section */
		CEA810551CC621050027E177 /* Project object */ = {
			isa = PBXProject;
			attributes = {
				LastSwiftUpdateCheck = 0730;
				LastUpgradeCheck = 0730;
				ORGANIZATIONNAME = User;
				TargetAttributes = {
					CEA8105C1CC621050027E177 = {
						CreatedOnToolsVersion = 7.3;
						DevelopmentTeam = G7RL549555;
					};
				};
			};
			buildConfigurationList = CEA810581CC621050027E177 /* Build configuration list for PBXProject "RKObjectMapperTest" */;
			compatibilityVersion = "Xcode 3.2";
			developmentRegion = English;
			hasScannedForEncodings = 0;
			knownRegions = (
				en,
				Base,
			);
			mainGroup = CEA810541CC621050027E177;
			productRefGroup = CEA8105E1CC621050027E177 /* Products */;
			projectDirPath = "";
			projectRoot = "";
			targets = (
				CEA8105C1CC621050027E177 /* RKObjectMapperTest */,
			);
		};
/* End PBXProject section */

/* Begin PBXResourcesBuildPhase section */
		CEA8105B1CC621050027E177 /* Resources */ = {
			isa = PBXResourcesBuildPhase;
			buildActionMask = 2147483647;
			files = (
				CEA8106B1CC621050027E177 /* LaunchScreen.storyboard in Resources */,
				CEA810681CC621050027E177 /* Assets.xcassets in Resources */,
				CEA810661CC621050027E177 /* Main.storyboard in Resources */,
			);
			runOnlyForDeploymentPostprocessing = 0;
		};
/* End PBXResourcesBuildPhase section */

/* Begin PBXSourcesBuildPhase section */
		CEA810591CC621050027E177 /* Sources */ = {
			isa = PBXSourcesBuildPhase;
			buildActionMask = 2147483647;
			files = (
				CEA810631CC621050027E177 /* ViewController.swift in Sources */,
				CEA810611CC621050027E177 /* AppDelegate.swift in Sources */,
			);
			runOnlyForDeploymentPostprocessing = 0;
		};
/* End PBXSourcesBuildPhase section */

/* Begin PBXVariantGroup section */
		CEA810641CC621050027E177 /* Main.storyboard */ = {
			isa = PBXVariantGroup;
			children = (
				CEA810651CC621050027E177 /* Base */,
			);
			name = Main.storyboard;
			sourceTree = "<group>";
		};
		CEA810691CC621050027E177 /* LaunchScreen.storyboard */ = {
			isa = PBXVariantGroup;
			children = (
				CEA8106A1CC621050027E177 /* Base */,
			);
			name = LaunchScreen.storyboard;
			sourceTree = "<group>";
		};
/* End PBXVariantGroup section */

/* Begin XCBuildConfiguration section */
		CEA8106D1CC621050027E177 /* Debug */ = {
			isa = XCBuildConfiguration;
			buildSettings = {
				ALWAYS_SEARCH_USER_PATHS = NO;
				CLANG_ANALYZER_NONNULL = YES;
				CLANG_CXX_LANGUAGE_STANDARD = "gnu++0x";
				CLANG_CXX_LIBRARY = "libc++";
				CLANG_ENABLE_MODULES = YES;
				CLANG_ENABLE_OBJC_ARC = YES;
				CLANG_WARN_BOOL_CONVERSION = YES;
				CLANG_WARN_CONSTANT_CONVERSION = YES;
				CLANG_WARN_DIRECT_OBJC_ISA_USAGE = YES_ERROR;
				CLANG_WARN_EMPTY_BODY = YES;
				CLANG_WARN_ENUM_CONVERSION = YES;
				CLANG_WARN_INT_CONVERSION = YES;
				CLANG_WARN_OBJC_ROOT_CLASS = YES_ERROR;
				CLANG_WARN_UNREACHABLE_CODE = YES;
				CLANG_WARN__DUPLICATE_METHOD_MATCH = YES;
				"CODE_SIGN_IDENTITY[sdk=iphoneos*]" = "iPhone Developer";
				COPY_PHASE_STRIP = NO;
				DEBUG_INFORMATION_FORMAT = dwarf;
				ENABLE_STRICT_OBJC_MSGSEND = YES;
				ENABLE_TESTABILITY = YES;
				GCC_C_LANGUAGE_STANDARD = gnu99;
				GCC_DYNAMIC_NO_PIC = NO;
				GCC_NO_COMMON_BLOCKS = YES;
				GCC_OPTIMIZATION_LEVEL = 0;
				GCC_PREPROCESSOR_DEFINITIONS = (
					"DEBUG=1",
					"$(inherited)",
				);
				GCC_WARN_64_TO_32_BIT_CONVERSION = YES;
				GCC_WARN_ABOUT_RETURN_TYPE = YES_ERROR;
				GCC_WARN_UNDECLARED_SELECTOR = YES;
				GCC_WARN_UNINITIALIZED_AUTOS = YES_AGGRESSIVE;
				GCC_WARN_UNUSED_FUNCTION = YES;
				GCC_WARN_UNUSED_VARIABLE = YES;
				IPHONEOS_DEPLOYMENT_TARGET = 9.3;
				MTL_ENABLE_DEBUG_INFO = YES;
				ONLY_ACTIVE_ARCH = YES;
				SDKROOT = iphoneos;
				SWIFT_OPTIMIZATION_LEVEL = "-Onone";
				TARGETED_DEVICE_FAMILY = "1,2";
			};
			name = Debug;
		};
		CEA8106E1CC621050027E177 /* Release */ = {
			isa = XCBuildConfiguration;
			buildSettings = {
				ALWAYS_SEARCH_USER_PATHS = NO;
				CLANG_ANALYZER_NONNULL = YES;
				CLANG_CXX_LANGUAGE_STANDARD = "gnu++0x";
				CLANG_CXX_LIBRARY = "libc++";
				CLANG_ENABLE_MODULES = YES;
				CLANG_ENABLE_OBJC_ARC = YES;
				CLANG_WARN_BOOL_CONVERSION = YES;
				CLANG_WARN_CONSTANT_CONVERSION = YES;
				CLANG_WARN_DIRECT_OBJC_ISA_USAGE = YES_ERROR;
				CLANG_WARN_EMPTY_BODY = YES;
				CLANG_WARN_ENUM_CONVERSION = YES;
				CLANG_WARN_INT_CONVERSION = YES;
				CLANG_WARN_OBJC_ROOT_CLASS = YES_ERROR;
				CLANG_WARN_UNREACHABLE_CODE = YES;
				CLANG_WARN__DUPLICATE_METHOD_MATCH = YES;
				"CODE_SIGN_IDENTITY[sdk=iphoneos*]" = "iPhone Developer";
				COPY_PHASE_STRIP = NO;
				DEBUG_INFORMATION_FORMAT = "dwarf-with-dsym";
				ENABLE_NS_ASSERTIONS = NO;
				ENABLE_STRICT_OBJC_MSGSEND = YES;
				GCC_C_LANGUAGE_STANDARD = gnu99;
				GCC_NO_COMMON_BLOCKS = YES;
				GCC_WARN_64_TO_32_BIT_CONVERSION = YES;
				GCC_WARN_ABOUT_RETURN_TYPE = YES_ERROR;
				GCC_WARN_UNDECLARED_SELECTOR = YES;
				GCC_WARN_UNINITIALIZED_AUTOS = YES_AGGRESSIVE;
				GCC_WARN_UNUSED_FUNCTION = YES;
				GCC_WARN_UNUSED_VARIABLE = YES;
				IPHONEOS_DEPLOYMENT_TARGET = 9.3;
				MTL_ENABLE_DEBUG_INFO = NO;
				SDKROOT = iphoneos;
				TARGETED_DEVICE_FAMILY = "1,2";
				VALIDATE_PRODUCT = YES;
			};
			name = Release;
		};
		CEA810701CC621050027E177 /* Debug */ = {
			isa = XCBuildConfiguration;
			buildSettings = {
				ASSETCATALOG_COMPILER_APPICON_NAME = AppIcon;
				INFOPLIST_FILE = RKObjectMapperTest/Info.plist;
				LD_RUNPATH_SEARCH_PATHS = "$(inherited) @executable_path/Frameworks";
				PRODUCT_BUNDLE_IDENTIFIER = com.rajendra.RKObjectMapperTest;
				PRODUCT_NAME = "$(TARGET_NAME)";
			};
			name = Debug;
		};
		CEA810711CC621050027E177 /* Release */ = {
			isa = XCBuildConfiguration;
			buildSettings = {
				ASSETCATALOG_COMPILER_APPICON_NAME = AppIcon;
				INFOPLIST_FILE = RKObjectMapperTest/Info.plist;
				LD_RUNPATH_SEARCH_PATHS = "$(inherited) @executable_path/Frameworks";
				PRODUCT_BUNDLE_IDENTIFIER = com.rajendra.RKObjectMapperTest;
				PRODUCT_NAME = "$(TARGET_NAME)";
			};
			name = Release;
		};
/* End XCBuildConfiguration section */

/* Begin XCConfigurationList section */
		CEA810581CC621050027E177 /* Build configuration list for PBXProject "RKObjectMapperTest" */ = {
			isa = XCConfigurationList;
			buildConfigurations = (
				CEA8106D1CC621050027E177 /* Debug */,
				CEA8106E1CC621050027E177 /* Release */,
			);
			defaultConfigurationIsVisible = 0;
			defaultConfigurationName = Release;
		};
		CEA8106F1CC621050027E177 /* Build configuration list for PBXNativeTarget "RKObjectMapperTest" */ = {
			isa = XCConfigurationList;
			buildConfigurations = (
				CEA810701CC621050027E177 /* Debug */,
				CEA810711CC621050027E177 /* Release */,
			);
			defaultConfigurationIsVisible = 0;
		};
/* End XCConfigurationList section */
	};
	rootObject = CEA810551CC621050027E177 /* Project object */;
}
